
Microsoft Visual Studio Solution File, Format Version 11.00
# Visual Studio 2010
Project("{FAE04EC0-301F-11D3-BF4B-00C04F79EFBC}") = "Assembly-CSharp", "Assembly-CSharp.csproj", "{A62105F5-0ECB-B3B8-3307-845180682C23}"
EndProject
Project("{FAE04EC0-301F-11D3-BF4B-00C04F79EFBC}") = "Assembly-CSharp-Editor", "Assembly-CSharp-Editor.csproj", "{DA6FE68A-6DEC-6DBA-36F9-8F4BC8D97BFF}"
EndProject
Global
	GlobalSection(SolutionConfigurationPlatforms) = preSolution
		Debug|Any CPU = Debug|Any CPU
		Release|Any CPU = Release|Any CPU
	EndGlobalSection
	GlobalSection(ProjectConfigurationPlatforms) = postSolution
		{A62105F5-0ECB-B3B8-3307-845180682C23}.Debug|Any CPU.ActiveCfg = Debug|Any CPU
		{A62105F5-0ECB-B3B8-3307-845180682C23}.Debug|Any CPU.Build.0 = Debug|Any CPU
		{A62105F5-0ECB-B3B8-3307-845180682C23}.Release|Any CPU.ActiveCfg = Release|Any CPU
		{A62105F5-0ECB-B3B8-3307-845180682C23}.Release|Any CPU.Build.0 = Release|Any CPU
		{DA6FE68A-6DEC-6DBA-36F9-8F4BC8D97BFF}.Debug|Any CPU.ActiveCfg = Debug|Any CPU
		{DA6FE68A-6DEC-6DBA-36F9-8F4BC8D97BFF}.Debug|Any CPU.Build.0 = Debug|Any CPU
		{DA6FE68A-6DEC-6DBA-36F9-8F4BC8D97BFF}.Release|Any CPU.ActiveCfg = Release|Any CPU
		{DA6FE68A-6DEC-6DBA-36F9-8F4BC8D97BFF}.Release|Any CPU.Build.0 = Release|Any CPU
	EndGlobalSection
	GlobalSection(SolutionProperties) = preSolution
		HideSolutionNode = FALSE
	EndGlobalSection
	GlobalSection(MonoDevelopProperties) = preSolution
		StartupItem = Assembly-CSharp.csproj
	EndGlobalSection
EndGlobal
