
Microsoft Visual Studio Solution File, Format Version 11.00
# Visual Studio 2010
Project("{FAE04EC0-301F-11D3-BF4B-00C04F79EFBC}") = "Assembly-CSharp", "Assembly-CSharp.csproj", "{F1179313-AC14-6708-D40A-0A579D219D9E}"
EndProject
Project("{FAE04EC0-301F-11D3-BF4B-00C04F79EFBC}") = "Assembly-CSharp-Editor", "Assembly-CSharp-Editor.csproj", "{2B0C6C58-453C-4BB3-1475-B79EB5BC0024}"
EndProject
Global
	GlobalSection(SolutionConfigurationPlatforms) = preSolution
		Debug|Any CPU = Debug|Any CPU
		Release|Any CPU = Release|Any CPU
	EndGlobalSection
	GlobalSection(ProjectConfigurationPlatforms) = postSolution
		{F1179313-AC14-6708-D40A-0A579D219D9E}.Debug|Any CPU.ActiveCfg = Debug|Any CPU
		{F1179313-AC14-6708-D40A-0A579D219D9E}.Debug|Any CPU.Build.0 = Debug|Any CPU
		{F1179313-AC14-6708-D40A-0A579D219D9E}.Release|Any CPU.ActiveCfg = Release|Any CPU
		{F1179313-AC14-6708-D40A-0A579D219D9E}.Release|Any CPU.Build.0 = Release|Any CPU
		{2B0C6C58-453C-4BB3-1475-B79EB5BC0024}.Debug|Any CPU.ActiveCfg = Debug|Any CPU
		{2B0C6C58-453C-4BB3-1475-B79EB5BC0024}.Debug|Any CPU.Build.0 = Debug|Any CPU
		{2B0C6C58-453C-4BB3-1475-B79EB5BC0024}.Release|Any CPU.ActiveCfg = Release|Any CPU
		{2B0C6C58-453C-4BB3-1475-B79EB5BC0024}.Release|Any CPU.Build.0 = Release|Any CPU
	EndGlobalSection
	GlobalSection(SolutionProperties) = preSolution
		HideSolutionNode = FALSE
	EndGlobalSection
	GlobalSection(MonoDevelopProperties) = preSolution
		StartupItem = Assembly-CSharp.csproj
	EndGlobalSection
EndGlobal
